
Microsoft Visual Studio Solution File, Format Version 12.00
# Visual Studio Version 17
VisualStudioVersion = 17.2.32519.379
MinimumVisualStudioVersion = 10.0.40219.1
Project("{9A19103F-16F7-4668-BE54-9A1E7A4F7556}") = "SliceDelivery", "SliceDelivery\SliceDelivery.csproj", "{697E4472-C4D5-4786-AE4C-A6036D62F6E1}"
	ProjectSection(ProjectDependencies) = postProject
		{D51DE392-A645-483C-B371-0ADCCF22BC51} = {D51DE392-A645-483C-B371-0ADCCF22BC51}
	EndProjectSection
EndProject
Project("{2150E333-8FDC-42A3-9474-1A3956D46DE8}") = "Domain", "Domain", "{3EBD48D5-F8DB-44EA-B9AC-9C7DBA79B7D3}"
EndProject
Project("{FAE04EC0-301F-11D3-BF4B-00C04F79EFBC}") = "SliceDelivery.Domain", "SliceDelivery.Domain\SliceDelivery.Domain.csproj", "{D51DE392-A645-483C-B371-0ADCCF22BC51}"
EndProject
Project("{2150E333-8FDC-42A3-9474-1A3956D46DE8}") = "DAL", "DAL", "{5396E0A9-CBB5-4A04-8638-F67E818A9B16}"
EndProject
Project("{FAE04EC0-301F-11D3-BF4B-00C04F79EFBC}") = "SliceDelivery.DAL", "SliceDelivery.DAL\SliceDelivery.DAL.csproj", "{57F31372-C706-4F57-AC39-FEA18A90BF3B}"
EndProject
Global
	GlobalSection(SolutionConfigurationPlatforms) = preSolution
		Debug|Any CPU = Debug|Any CPU
		Release|Any CPU = Release|Any CPU
	EndGlobalSection
	GlobalSection(ProjectConfigurationPlatforms) = postSolution
		{697E4472-C4D5-4786-AE4C-A6036D62F6E1}.Debug|Any CPU.ActiveCfg = Debug|Any CPU
		{697E4472-C4D5-4786-AE4C-A6036D62F6E1}.Debug|Any CPU.Build.0 = Debug|Any CPU
		{697E4472-C4D5-4786-AE4C-A6036D62F6E1}.Release|Any CPU.ActiveCfg = Release|Any CPU
		{697E4472-C4D5-4786-AE4C-A6036D62F6E1}.Release|Any CPU.Build.0 = Release|Any CPU
		{D51DE392-A645-483C-B371-0ADCCF22BC51}.Debug|Any CPU.ActiveCfg = Debug|Any CPU
		{D51DE392-A645-483C-B371-0ADCCF22BC51}.Debug|Any CPU.Build.0 = Debug|Any CPU
		{D51DE392-A645-483C-B371-0ADCCF22BC51}.Release|Any CPU.ActiveCfg = Release|Any CPU
		{D51DE392-A645-483C-B371-0ADCCF22BC51}.Release|Any CPU.Build.0 = Release|Any CPU
		{57F31372-C706-4F57-AC39-FEA18A90BF3B}.Debug|Any CPU.ActiveCfg = Debug|Any CPU
		{57F31372-C706-4F57-AC39-FEA18A90BF3B}.Debug|Any CPU.Build.0 = Debug|Any CPU
		{57F31372-C706-4F57-AC39-FEA18A90BF3B}.Release|Any CPU.ActiveCfg = Release|Any CPU
		{57F31372-C706-4F57-AC39-FEA18A90BF3B}.Release|Any CPU.Build.0 = Release|Any CPU
	EndGlobalSection
	GlobalSection(SolutionProperties) = preSolution
		HideSolutionNode = FALSE
	EndGlobalSection
	GlobalSection(NestedProjects) = preSolution
		{D51DE392-A645-483C-B371-0ADCCF22BC51} = {3EBD48D5-F8DB-44EA-B9AC-9C7DBA79B7D3}
		{57F31372-C706-4F57-AC39-FEA18A90BF3B} = {5396E0A9-CBB5-4A04-8638-F67E818A9B16}
	EndGlobalSection
	GlobalSection(ExtensibilityGlobals) = postSolution
		SolutionGuid = {87DB2EEE-84A7-4FFC-886D-92E6D4F2BF3E}
	EndGlobalSection
EndGlobal
